
Microsoft Visual Studio Solution File, Format Version 12.00
# Visual Studio Version 17
VisualStudioVersion = 17.1.32120.378
MinimumVisualStudioVersion = 10.0.40219.1
Project("{9A19103F-16F7-4668-BE54-9A1E7A4F7556}") = "UMMBusinessLogic", "UMMBusinessLogic\UMMBusinessLogic.csproj", "{C01E909F-DD53-4AF1-9CFC-DD18B2EB49CF}"
EndProject
Project("{9A19103F-16F7-4668-BE54-9A1E7A4F7556}") = "UMMDomain", "UMMDomain\UMMDomain.csproj", "{8C3FEC08-F03F-4968-8FE4-B00C41922AF7}"
EndProject
Project("{9A19103F-16F7-4668-BE54-9A1E7A4F7556}") = "UMMBusinessLogic.UnitTest", "UMMBusinessLogic.UnitTest\UMMBusinessLogic.UnitTest.csproj", "{DC42192A-958C-4BAA-9836-72ECAA2A2546}"
EndProject
Global
	GlobalSection(SolutionConfigurationPlatforms) = preSolution
		Debug|Any CPU = Debug|Any CPU
		Release|Any CPU = Release|Any CPU
	EndGlobalSection
	GlobalSection(ProjectConfigurationPlatforms) = postSolution
		{C01E909F-DD53-4AF1-9CFC-DD18B2EB49CF}.Debug|Any CPU.ActiveCfg = Debug|Any CPU
		{C01E909F-DD53-4AF1-9CFC-DD18B2EB49CF}.Debug|Any CPU.Build.0 = Debug|Any CPU
		{C01E909F-DD53-4AF1-9CFC-DD18B2EB49CF}.Release|Any CPU.ActiveCfg = Release|Any CPU
		{C01E909F-DD53-4AF1-9CFC-DD18B2EB49CF}.Release|Any CPU.Build.0 = Release|Any CPU
		{8C3FEC08-F03F-4968-8FE4-B00C41922AF7}.Debug|Any CPU.ActiveCfg = Debug|Any CPU
		{8C3FEC08-F03F-4968-8FE4-B00C41922AF7}.Debug|Any CPU.Build.0 = Debug|Any CPU
		{8C3FEC08-F03F-4968-8FE4-B00C41922AF7}.Release|Any CPU.ActiveCfg = Release|Any CPU
		{8C3FEC08-F03F-4968-8FE4-B00C41922AF7}.Release|Any CPU.Build.0 = Release|Any CPU
		{DC42192A-958C-4BAA-9836-72ECAA2A2546}.Debug|Any CPU.ActiveCfg = Debug|Any CPU
		{DC42192A-958C-4BAA-9836-72ECAA2A2546}.Debug|Any CPU.Build.0 = Debug|Any CPU
		{DC42192A-958C-4BAA-9836-72ECAA2A2546}.Release|Any CPU.ActiveCfg = Release|Any CPU
		{DC42192A-958C-4BAA-9836-72ECAA2A2546}.Release|Any CPU.Build.0 = Release|Any CPU
	EndGlobalSection
	GlobalSection(SolutionProperties) = preSolution
		HideSolutionNode = FALSE
	EndGlobalSection
	GlobalSection(ExtensibilityGlobals) = postSolution
		SolutionGuid = {F2C0F6D5-82FF-4628-BFD7-699845BF1E75}
	EndGlobalSection
EndGlobal
